
Microsoft Visual Studio Solution File, Format Version 12.00
# Visual Studio 2013
VisualStudioVersion = 12.0.31101.0
MinimumVisualStudioVersion = 10.0.40219.1
Project("{8BC9CEB8-8B4A-11D0-8D11-00A0C91BC942}") = "WindowsSciviewerBetter", "WindowsSciviewerBetter\WindowsSciviewerBetter.vcxproj", "{C5BB435E-044D-40CC-9B06-333BBFAD454C}"
EndProject
Global
	GlobalSection(SolutionConfigurationPlatforms) = preSolution
		Debug|Win32 = Debug|Win32
		Release|Win32 = Release|Win32
	EndGlobalSection
	GlobalSection(ProjectConfigurationPlatforms) = postSolution
		{C5BB435E-044D-40CC-9B06-333BBFAD454C}.Debug|Win32.ActiveCfg = Debug|Win32
		{C5BB435E-044D-40CC-9B06-333BBFAD454C}.Debug|Win32.Build.0 = Debug|Win32
		{C5BB435E-044D-40CC-9B06-333BBFAD454C}.Release|Win32.ActiveCfg = Release|Win32
		{C5BB435E-044D-40CC-9B06-333BBFAD454C}.Release|Win32.Build.0 = Release|Win32
	EndGlobalSection
	GlobalSection(SolutionProperties) = preSolution
		HideSolutionNode = FALSE
	EndGlobalSection
EndGlobal
